PODS:
  - BlocksKit (2.0.0):
    - BlocksKit/All
  - BlocksKit/All (2.0.0):
    - BlocksKit/Core
    - BlocksKit/DynamicDelegate
    - BlocksKit/MessageUI
    - BlocksKit/UIKit
  - BlocksKit/Core (2.0.0)
  - BlocksKit/DynamicDelegate (2.0.0):
    - libffi
  - libextobjc (0.4):
    - libextobjc/EXTADT
    - libextobjc/EXTConcreteProtocol
    - libextobjc/EXTKeyPathCoding
    - libextobjc/EXTNil
    - libextobjc/EXTSafeCategory
    - libextobjc/EXTScope
    - libextobjc/EXTSelectorChecking
    - libextobjc/EXTSynthesize
    - libextobjc/NSInvocation+EXT
    - libextobjc/NSMethodSignature+EXT
    - libextobjc/RuntimeExtensions
    - libextobjc/UmbrellaHeader
  - libextobjc/EXTADT (0.4):
    - libextobjc/RuntimeExtensions
  - libextobjc/EXTConcreteProtocol (0.4):
    - libextobjc/RuntimeExtensions
  - libextobjc/EXTKeyPathCoding (0.4):
    - libextobjc/RuntimeExtensions
  - libextobjc/EXTNil (0.4):
    - libextobjc/RuntimeExtensions
  - libextobjc/EXTSafeCategory (0.4):
    - libextobjc/RuntimeExtensions
  - libextobjc/EXTScope (0.4):
    - libextobjc/RuntimeExtensions
  - libextobjc/EXTSelectorChecking (0.4):
    - libextobjc/RuntimeExtensions
  - libextobjc/EXTSynthesize (0.4):
    - libextobjc/RuntimeExtensions
  - libextobjc/NSInvocation+EXT (0.4):
    - libextobjc/RuntimeExtensions
  - libextobjc/NSMethodSignature+EXT (0.4):
    - libextobjc/RuntimeExtensions
  - libextobjc/RuntimeExtensions (0.4)
  - libextobjc/UmbrellaHeader (0.4)
  - ReactiveCocoa (2.3):
    - ReactiveCocoa/Core
    - ReactiveCocoa/no-arc
  - ReactiveCocoa/Core (2.3):
    - ReactiveCocoa/no-arc
  - ReactiveCocoa/no-arc (2.3)

DEPENDENCIES:
  - BlocksKit (~> 2.0.0)
  - libextobjc
  - ReactiveCocoa (~> 2.1)

SPEC CHECKSUMS:
  BlocksKit: c719258499c89fb43619abb434506a67b9e5332d
  libextobjc: 2c9fc8226f0f38e562587f65172f93f0c9b4a47a
  ReactiveCocoa: 1f6265f9d521923d3efcc37b00722cefc16df269

COCOAPODS: 0.29.0
